
Microsoft Visual Studio Solution File, Format Version 12.00
# Visual Studio Version 16
VisualStudioVersion = 16.0.31019.35
MinimumVisualStudioVersion = 10.0.40219.1
Project("{9A19103F-16F7-4668-BE54-9A1E7A4F7556}") = "FileOperationEngine", "FileOperationEngine\FileOperationEngine.csproj", "{1D936FC6-22AE-4C31-B55D-8BAAA7764964}"
EndProject
Project("{9A19103F-16F7-4668-BE54-9A1E7A4F7556}") = "FileOperationEngineContract", "FileOperationEngineContract\FileOperationEngineContract.csproj", "{5EF3EEC8-1D7E-4D17-BA51-8E5715FCEF6C}"
EndProject
Project("{9A19103F-16F7-4668-BE54-9A1E7A4F7556}") = "FileApi", "FileApi\FileApi.csproj", "{A2E79B98-F50F-49F8-B331-9C7F5C293B08}"
EndProject
Project("{9A19103F-16F7-4668-BE54-9A1E7A4F7556}") = "FileApiContract", "FileApiContract\FileApiContract.csproj", "{D33A0EFE-1629-4AE2-B871-A71BEA92EAD0}"
EndProject
Project("{FAE04EC0-301F-11D3-BF4B-00C04F79EFBC}") = "FileOperationEngineTest", "FileOperationEngineTest\FileOperationEngineTest.csproj", "{C524841C-CEF3-4B9C-951B-6966D043ECEB}"
EndProject
Global
	GlobalSection(SolutionConfigurationPlatforms) = preSolution
		Debug|Any CPU = Debug|Any CPU
		Release|Any CPU = Release|Any CPU
	EndGlobalSection
	GlobalSection(ProjectConfigurationPlatforms) = postSolution
		{1D936FC6-22AE-4C31-B55D-8BAAA7764964}.Debug|Any CPU.ActiveCfg = Debug|Any CPU
		{1D936FC6-22AE-4C31-B55D-8BAAA7764964}.Debug|Any CPU.Build.0 = Debug|Any CPU
		{1D936FC6-22AE-4C31-B55D-8BAAA7764964}.Release|Any CPU.ActiveCfg = Release|Any CPU
		{1D936FC6-22AE-4C31-B55D-8BAAA7764964}.Release|Any CPU.Build.0 = Release|Any CPU
		{5EF3EEC8-1D7E-4D17-BA51-8E5715FCEF6C}.Debug|Any CPU.ActiveCfg = Debug|Any CPU
		{5EF3EEC8-1D7E-4D17-BA51-8E5715FCEF6C}.Debug|Any CPU.Build.0 = Debug|Any CPU
		{5EF3EEC8-1D7E-4D17-BA51-8E5715FCEF6C}.Release|Any CPU.ActiveCfg = Release|Any CPU
		{5EF3EEC8-1D7E-4D17-BA51-8E5715FCEF6C}.Release|Any CPU.Build.0 = Release|Any CPU
		{A2E79B98-F50F-49F8-B331-9C7F5C293B08}.Debug|Any CPU.ActiveCfg = Debug|Any CPU
		{A2E79B98-F50F-49F8-B331-9C7F5C293B08}.Debug|Any CPU.Build.0 = Debug|Any CPU
		{A2E79B98-F50F-49F8-B331-9C7F5C293B08}.Release|Any CPU.ActiveCfg = Release|Any CPU
		{A2E79B98-F50F-49F8-B331-9C7F5C293B08}.Release|Any CPU.Build.0 = Release|Any CPU
		{D33A0EFE-1629-4AE2-B871-A71BEA92EAD0}.Debug|Any CPU.ActiveCfg = Debug|Any CPU
		{D33A0EFE-1629-4AE2-B871-A71BEA92EAD0}.Debug|Any CPU.Build.0 = Debug|Any CPU
		{D33A0EFE-1629-4AE2-B871-A71BEA92EAD0}.Release|Any CPU.ActiveCfg = Release|Any CPU
		{D33A0EFE-1629-4AE2-B871-A71BEA92EAD0}.Release|Any CPU.Build.0 = Release|Any CPU
		{C524841C-CEF3-4B9C-951B-6966D043ECEB}.Debug|Any CPU.ActiveCfg = Debug|Any CPU
		{C524841C-CEF3-4B9C-951B-6966D043ECEB}.Debug|Any CPU.Build.0 = Debug|Any CPU
		{C524841C-CEF3-4B9C-951B-6966D043ECEB}.Release|Any CPU.ActiveCfg = Release|Any CPU
		{C524841C-CEF3-4B9C-951B-6966D043ECEB}.Release|Any CPU.Build.0 = Release|Any CPU
	EndGlobalSection
	GlobalSection(SolutionProperties) = preSolution
		HideSolutionNode = FALSE
	EndGlobalSection
	GlobalSection(ExtensibilityGlobals) = postSolution
		SolutionGuid = {C2D332CA-81EC-40C6-B53A-6FDFBCA87DED}
	EndGlobalSection
EndGlobal
